
Microsoft Visual Studio Solution File, Format Version 12.00
# Visual Studio 15
VisualStudioVersion = 15.0.28307.271
MinimumVisualStudioVersion = 10.0.40219.1
Project("{FAE04EC0-301F-11D3-BF4B-00C04F79EFBC}") = "Translator", "Translator\Translator.csproj", "{43E4C315-1FC3-418D-9255-F6ABDCD4ADAF}"
EndProject
Global
	GlobalSection(SolutionConfigurationPlatforms) = preSolution
		Debug|Any CPU = Debug|Any CPU
		Release|Any CPU = Release|Any CPU
	EndGlobalSection
	GlobalSection(ProjectConfigurationPlatforms) = postSolution
		{43E4C315-1FC3-418D-9255-F6ABDCD4ADAF}.Debug|Any CPU.ActiveCfg = Debug|Any CPU
		{43E4C315-1FC3-418D-9255-F6ABDCD4ADAF}.Debug|Any CPU.Build.0 = Debug|Any CPU
		{43E4C315-1FC3-418D-9255-F6ABDCD4ADAF}.Release|Any CPU.ActiveCfg = Release|Any CPU
		{43E4C315-1FC3-418D-9255-F6ABDCD4ADAF}.Release|Any CPU.Build.0 = Release|Any CPU
	EndGlobalSection
	GlobalSection(SolutionProperties) = preSolution
		HideSolutionNode = FALSE
	EndGlobalSection
	GlobalSection(ExtensibilityGlobals) = postSolution
		SolutionGuid = {BBC28B5B-B37D-4C80-9B24-8576C69AE542}
	EndGlobalSection
EndGlobal
